
Microsoft Visual Studio Solution File, Format Version 12.00
# Visual Studio Version 18
VisualStudioVersion = 18.0.11116.177
MinimumVisualStudioVersion = 10.0.40219.1
Project("{FAE04EC0-301F-11D3-BF4B-00C04F79EFBC}") = "de.feuerwehr-waldenbuch", "de.feuerwehr-waldenbuch.csproj", "{AA1710B8-A198-A13F-1CE0-79207C80F8E5}"
EndProject
Global
	GlobalSection(SolutionConfigurationPlatforms) = preSolution
		Debug|Any CPU = Debug|Any CPU
		Release|Any CPU = Release|Any CPU
	EndGlobalSection
	GlobalSection(ProjectConfigurationPlatforms) = postSolution
		{AA1710B8-A198-A13F-1CE0-79207C80F8E5}.Debug|Any CPU.ActiveCfg = Debug|Any CPU
		{AA1710B8-A198-A13F-1CE0-79207C80F8E5}.Debug|Any CPU.Build.0 = Debug|Any CPU
		{AA1710B8-A198-A13F-1CE0-79207C80F8E5}.Release|Any CPU.ActiveCfg = Release|Any CPU
		{AA1710B8-A198-A13F-1CE0-79207C80F8E5}.Release|Any CPU.Build.0 = Release|Any CPU
	EndGlobalSection
	GlobalSection(SolutionProperties) = preSolution
		HideSolutionNode = FALSE
	EndGlobalSection
	GlobalSection(ExtensibilityGlobals) = postSolution
		SolutionGuid = {FE0DDA4E-C1D3-4204-A1B2-44D1C3624B13}
	EndGlobalSection
EndGlobal
